
Microsoft Visual Studio Solution File, Format Version 12.00
# Visual Studio Version 17
VisualStudioVersion = 17.5.33424.131
MinimumVisualStudioVersion = 10.0.40219.1
Project("{FAE04EC0-301F-11D3-BF4B-00C04F79EFBC}") = "A11yDesignPowerPointAddin", "A11y Design PowerPointAddin\A11yDesignPowerPointAddin.csproj", "{84344058-7D64-43B8-9BBA-664F442B34E8}"
EndProject
Global
	GlobalSection(SolutionConfigurationPlatforms) = preSolution
		Debug|Any CPU = Debug|Any CPU
		Release|Any CPU = Release|Any CPU
	EndGlobalSection
	GlobalSection(ProjectConfigurationPlatforms) = postSolution
		{84344058-7D64-43B8-9BBA-664F442B34E8}.Debug|Any CPU.ActiveCfg = Debug|Any CPU
		{84344058-7D64-43B8-9BBA-664F442B34E8}.Debug|Any CPU.Build.0 = Debug|Any CPU
		{84344058-7D64-43B8-9BBA-664F442B34E8}.Release|Any CPU.ActiveCfg = Release|Any CPU
		{84344058-7D64-43B8-9BBA-664F442B34E8}.Release|Any CPU.Build.0 = Release|Any CPU
	EndGlobalSection
	GlobalSection(SolutionProperties) = preSolution
		HideSolutionNode = FALSE
	EndGlobalSection
	GlobalSection(ExtensibilityGlobals) = postSolution
		SolutionGuid = {A92F795B-5AE4-471A-B15F-5816A409DBCA}
	EndGlobalSection
EndGlobal
